
Microsoft Visual Studio Solution File, Format Version 12.00
# Visual Studio Version 17
VisualStudioVersion = 17.5.002.0
MinimumVisualStudioVersion = 10.0.40219.1
Project("{9A19103F-16F7-4668-BE54-9A1E7A4F7556}") = "Web-Programlama-Proje-Odevi", "Web-Programlama-Proje-Odevi.csproj", "{0568C86D-41F0-4A42-898B-4803E36F1ECC}"
EndProject
Global
	GlobalSection(SolutionConfigurationPlatforms) = preSolution
		Debug|Any CPU = Debug|Any CPU
		Release|Any CPU = Release|Any CPU
	EndGlobalSection
	GlobalSection(ProjectConfigurationPlatforms) = postSolution
		{0568C86D-41F0-4A42-898B-4803E36F1ECC}.Debug|Any CPU.ActiveCfg = Debug|Any CPU
		{0568C86D-41F0-4A42-898B-4803E36F1ECC}.Debug|Any CPU.Build.0 = Debug|Any CPU
		{0568C86D-41F0-4A42-898B-4803E36F1ECC}.Release|Any CPU.ActiveCfg = Release|Any CPU
		{0568C86D-41F0-4A42-898B-4803E36F1ECC}.Release|Any CPU.Build.0 = Release|Any CPU
	EndGlobalSection
	GlobalSection(SolutionProperties) = preSolution
		HideSolutionNode = FALSE
	EndGlobalSection
	GlobalSection(ExtensibilityGlobals) = postSolution
		SolutionGuid = {7B4B8D90-92A8-4F18-936B-CF89E233289F}
	EndGlobalSection
EndGlobal
